
Microsoft Visual Studio Solution File, Format Version 12.00
# Visual Studio Version 16
VisualStudioVersion = 16.0.30907.101
MinimumVisualStudioVersion = 10.0.40219.1
Project("{FAE04EC0-301F-11D3-BF4B-00C04F79EFBC}") = "WebCam", "WebCam\WebCam.csproj", "{4E665D60-AC8D-4A9C-B5AB-149CD6AE09CB}"
EndProject
Global
	GlobalSection(SolutionConfigurationPlatforms) = preSolution
		Debug|Any CPU = Debug|Any CPU
		Release|Any CPU = Release|Any CPU
	EndGlobalSection
	GlobalSection(ProjectConfigurationPlatforms) = postSolution
		{4E665D60-AC8D-4A9C-B5AB-149CD6AE09CB}.Debug|Any CPU.ActiveCfg = Debug|Any CPU
		{4E665D60-AC8D-4A9C-B5AB-149CD6AE09CB}.Debug|Any CPU.Build.0 = Debug|Any CPU
		{4E665D60-AC8D-4A9C-B5AB-149CD6AE09CB}.Release|Any CPU.ActiveCfg = Release|Any CPU
		{4E665D60-AC8D-4A9C-B5AB-149CD6AE09CB}.Release|Any CPU.Build.0 = Release|Any CPU
	EndGlobalSection
	GlobalSection(SolutionProperties) = preSolution
		HideSolutionNode = FALSE
	EndGlobalSection
	GlobalSection(ExtensibilityGlobals) = postSolution
		SolutionGuid = {876628E4-4CEC-4E18-A1B1-6D3016CD332A}
	EndGlobalSection
EndGlobal
